
Microsoft Visual Studio Solution File, Format Version 12.00
# Visual Studio Version 16
VisualStudioVersion = 16.0.31702.278
MinimumVisualStudioVersion = 10.0.40219.1
Project("{FAE04EC0-301F-11D3-BF4B-00C04F79EFBC}") = "Motorola", "Motorola.csproj", "{46AAAB88-1465-4B16-95B4-28E302543E0C}"
EndProject
Global
	GlobalSection(SolutionConfigurationPlatforms) = preSolution
		Debug|Any CPU = Debug|Any CPU
		Release|Any CPU = Release|Any CPU
	EndGlobalSection
	GlobalSection(ProjectConfigurationPlatforms) = postSolution
		{46AAAB88-1465-4B16-95B4-28E302543E0C}.Debug|Any CPU.ActiveCfg = Debug|Any CPU
		{46AAAB88-1465-4B16-95B4-28E302543E0C}.Debug|Any CPU.Build.0 = Debug|Any CPU
		{46AAAB88-1465-4B16-95B4-28E302543E0C}.Release|Any CPU.ActiveCfg = Release|Any CPU
		{46AAAB88-1465-4B16-95B4-28E302543E0C}.Release|Any CPU.Build.0 = Release|Any CPU
	EndGlobalSection
	GlobalSection(SolutionProperties) = preSolution
		HideSolutionNode = FALSE
	EndGlobalSection
	GlobalSection(ExtensibilityGlobals) = postSolution
		SolutionGuid = {7F1760C9-D3B8-496E-A71E-93C798D18093}
	EndGlobalSection
EndGlobal
